// !$*UTF8*$!
{
	archiveVersion = 1;
	classes = {
	};
	objectVersion = 46;
	objects = {

/* Begin PBXBuildFile section */
		D809E8D11A02030500C7FA84 /* easing.h in Headers */ = {isa = PBXBuildFile; fileRef = D809E8B61A02030500C7FA84 /* easing.h */; settings = {ATTRIBUTES = (Public, ); }; };
		D809E8D21A02030500C7FA84 /* easing.h in Headers */ = {isa = PBXBuildFile; fileRef = D809E8B61A02030500C7FA84 /* easing.h */; settings = {ATTRIBUTES = (Public, ); }; };
		D809E8D31A02030500C7FA84 /* geometric-tools.h in Headers */ = {isa = PBXBuildFile; fileRef = D809E8B71A02030500C7FA84 /* geometric-tools.h */; settings = {ATTRIBUTES = (Public, ); }; };
		D809E8D41A02030500C7FA84 /* geometric-tools.h in Headers */ = {isa = PBXBuildFile; fileRef = D809E8B71A02030500C7FA84 /* geometric-tools.h */; settings = {ATTRIBUTES = (Public, ); }; };
		D809E8D51A02030500C7FA84 /* lib3dmath-config-vs2013.h in Headers */ = {isa = PBXBuildFile; fileRef = D809E8B81A02030500C7FA84 /* lib3dmath-config-vs2013.h */; settings = {ATTRIBUTES = (Public, ); }; };
		D809E8D61A02030500C7FA84 /* lib3dmath-config-vs2013.h in Headers */ = {isa = PBXBuildFile; fileRef = D809E8B81A02030500C7FA84 /* lib3dmath-config-vs2013.h */; settings = {ATTRIBUTES = (Public, ); }; };
		D809E8D71A02030500C7FA84 /* lib3dmath-config.h in Headers */ = {isa = PBXBuildFile; fileRef = D809E8B91A02030500C7FA84 /* lib3dmath-config.h */; settings = {ATTRIBUTES = (Public, ); }; };
		D809E8D81A02030500C7FA84 /* lib3dmath-config.h in Headers */ = {isa = PBXBuildFile; fileRef = D809E8B91A02030500C7FA84 /* lib3dmath-config.h */; settings = {ATTRIBUTES = (Public, ); }; };
		D809E8D91A02030500C7FA84 /* mat2.h in Headers */ = {isa = PBXBuildFile; fileRef = D809E8BA1A02030500C7FA84 /* mat2.h */; settings = {ATTRIBUTES = (Public, ); }; };
		D809E8DA1A02030500C7FA84 /* mat2.h in Headers */ = {isa = PBXBuildFile; fileRef = D809E8BA1A02030500C7FA84 /* mat2.h */; settings = {ATTRIBUTES = (Public, ); }; };
		D809E8DB1A02030500C7FA84 /* mat3.h in Headers */ = {isa = PBXBuildFile; fileRef = D809E8BB1A02030500C7FA84 /* mat3.h */; settings = {ATTRIBUTES = (Public, ); }; };
		D809E8DC1A02030500C7FA84 /* mat3.h in Headers */ = {isa = PBXBuildFile; fileRef = D809E8BB1A02030500C7FA84 /* mat3.h */; settings = {ATTRIBUTES = (Public, ); }; };
		D809E8DD1A02030500C7FA84 /* mat4.h in Headers */ = {isa = PBXBuildFile; fileRef = D809E8BC1A02030500C7FA84 /* mat4.h */; settings = {ATTRIBUTES = (Public, ); }; };
		D809E8DE1A02030500C7FA84 /* mat4.h in Headers */ = {isa = PBXBuildFile; fileRef = D809E8BC1A02030500C7FA84 /* mat4.h */; settings = {ATTRIBUTES = (Public, ); }; };
		D809E8DF1A02030500C7FA84 /* mathematics.h in Headers */ = {isa = PBXBuildFile; fileRef = D809E8BD1A02030500C7FA84 /* mathematics.h */; settings = {ATTRIBUTES = (Public, ); }; };
		D809E8E01A02030500C7FA84 /* mathematics.h in Headers */ = {isa = PBXBuildFile; fileRef = D809E8BD1A02030500C7FA84 /* mathematics.h */; settings = {ATTRIBUTES = (Public, ); }; };
		D809E8E11A02030500C7FA84 /* projections.h in Headers */ = {isa = PBXBuildFile; fileRef = D809E8BE1A02030500C7FA84 /* projections.h */; settings = {ATTRIBUTES = (Public, ); }; };
		D809E8E21A02030500C7FA84 /* projections.h in Headers */ = {isa = PBXBuildFile; fileRef = D809E8BE1A02030500C7FA84 /* projections.h */; settings = {ATTRIBUTES = (Public, ); }; };
		D809E8E31A02030500C7FA84 /* quat.h in Headers */ = {isa = PBXBuildFile; fileRef = D809E8BF1A02030500C7FA84 /* quat.h */; settings = {ATTRIBUTES = (Public, ); }; };
		D809E8E41A02030500C7FA84 /* quat.h in Headers */ = {isa = PBXBuildFile; fileRef = D809E8BF1A02030500C7FA84 /* quat.h */; settings = {ATTRIBUTES = (Public, ); }; };
		D809E8E51A02030500C7FA84 /* scaler-double.h in Headers */ = {isa = PBXBuildFile; fileRef = D809E8C01A02030500C7FA84 /* scaler-double.h */; settings = {ATTRIBUTES = (Public, ); }; };
		D809E8E61A02030500C7FA84 /* scaler-double.h in Headers */ = {isa = PBXBuildFile; fileRef = D809E8C01A02030500C7FA84 /* scaler-double.h */; settings = {ATTRIBUTES = (Public, ); }; };
		D809E8E71A02030500C7FA84 /* scaler-float.h in Headers */ = {isa = PBXBuildFile; fileRef = D809E8C11A02030500C7FA84 /* scaler-float.h */; settings = {ATTRIBUTES = (Public, ); }; };
		D809E8E81A02030500C7FA84 /* scaler-float.h in Headers */ = {isa = PBXBuildFile; fileRef = D809E8C11A02030500C7FA84 /* scaler-float.h */; settings = {ATTRIBUTES = (Public, ); }; };
		D809E8E91A02030500C7FA84 /* scaler-long-double.h in Headers */ = {isa = PBXBuildFile; fileRef = D809E8C21A02030500C7FA84 /* scaler-long-double.h */; settings = {ATTRIBUTES = (Public, ); }; };
		D809E8EA1A02030500C7FA84 /* scaler-long-double.h in Headers */ = {isa = PBXBuildFile; fileRef = D809E8C21A02030500C7FA84 /* scaler-long-double.h */; settings = {ATTRIBUTES = (Public, ); }; };
		D809E8EB1A02030500C7FA84 /* transforms.h in Headers */ = {isa = PBXBuildFile; fileRef = D809E8C31A02030500C7FA84 /* transforms.h */; settings = {ATTRIBUTES = (Public, ); }; };
		D809E8EC1A02030500C7FA84 /* transforms.h in Headers */ = {isa = PBXBuildFile; fileRef = D809E8C31A02030500C7FA84 /* transforms.h */; settings = {ATTRIBUTES = (Public, ); }; };
		D809E8ED1A02030500C7FA84 /* vec2.h in Headers */ = {isa = PBXBuildFile; fileRef = D809E8C41A02030500C7FA84 /* vec2.h */; settings = {ATTRIBUTES = (Public, ); }; };
		D809E8EE1A02030500C7FA84 /* vec2.h in Headers */ = {isa = PBXBuildFile; fileRef = D809E8C41A02030500C7FA84 /* vec2.h */; settings = {ATTRIBUTES = (Public, ); }; };
		D809E8EF1A02030500C7FA84 /* vec3.h in Headers */ = {isa = PBXBuildFile; fileRef = D809E8C51A02030500C7FA84 /* vec3.h */; settings = {ATTRIBUTES = (Public, ); }; };
		D809E8F01A02030500C7FA84 /* vec3.h in Headers */ = {isa = PBXBuildFile; fileRef = D809E8C51A02030500C7FA84 /* vec3.h */; settings = {ATTRIBUTES = (Public, ); }; };
		D809E8F11A02030500C7FA84 /* vec4.h in Headers */ = {isa = PBXBuildFile; fileRef = D809E8C61A02030500C7FA84 /* vec4.h */; settings = {ATTRIBUTES = (Public, ); }; };
		D809E8F21A02030500C7FA84 /* vec4.h in Headers */ = {isa = PBXBuildFile; fileRef = D809E8C61A02030500C7FA84 /* vec4.h */; settings = {ATTRIBUTES = (Public, ); }; };
		D809E8F31A02030500C7FA84 /* geometric-tools.c in Sources */ = {isa = PBXBuildFile; fileRef = D809E8C71A02030500C7FA84 /* geometric-tools.c */; };
		D809E8F41A02030500C7FA84 /* geometric-tools.c in Sources */ = {isa = PBXBuildFile; fileRef = D809E8C71A02030500C7FA84 /* geometric-tools.c */; };
		D809E8F51A02030500C7FA84 /* mat2.c in Sources */ = {isa = PBXBuildFile; fileRef = D809E8C81A02030500C7FA84 /* mat2.c */; };
		D809E8F61A02030500C7FA84 /* mat2.c in Sources */ = {isa = PBXBuildFile; fileRef = D809E8C81A02030500C7FA84 /* mat2.c */; };
		D809E8F71A02030500C7FA84 /* mat3.c in Sources */ = {isa = PBXBuildFile; fileRef = D809E8C91A02030500C7FA84 /* mat3.c */; };
		D809E8F81A02030500C7FA84 /* mat3.c in Sources */ = {isa = PBXBuildFile; fileRef = D809E8C91A02030500C7FA84 /* mat3.c */; };
		D809E8F91A02030500C7FA84 /* mat4.c in Sources */ = {isa = PBXBuildFile; fileRef = D809E8CA1A02030500C7FA84 /* mat4.c */; };
		D809E8FA1A02030500C7FA84 /* mat4.c in Sources */ = {isa = PBXBuildFile; fileRef = D809E8CA1A02030500C7FA84 /* mat4.c */; };
		D809E8FB1A02030500C7FA84 /* mathematics.c in Sources */ = {isa = PBXBuildFile; fileRef = D809E8CB1A02030500C7FA84 /* mathematics.c */; };
		D809E8FC1A02030500C7FA84 /* mathematics.c in Sources */ = {isa = PBXBuildFile; fileRef = D809E8CB1A02030500C7FA84 /* mathematics.c */; };
		D809E8FD1A02030500C7FA84 /* quat.c in Sources */ = {isa = PBXBuildFile; fileRef = D809E8CC1A02030500C7FA84 /* quat.c */; };
		D809E8FE1A02030500C7FA84 /* quat.c in Sources */ = {isa = PBXBuildFile; fileRef = D809E8CC1A02030500C7FA84 /* quat.c */; };
		D809E8FF1A02030500C7FA84 /* transforms.c in Sources */ = {isa = PBXBuildFile; fileRef = D809E8CD1A02030500C7FA84 /* transforms.c */; };
		D809E9001A02030500C7FA84 /* transforms.c in Sources */ = {isa = PBXBuildFile; fileRef = D809E8CD1A02030500C7FA84 /* transforms.c */; };
		D809E9011A02030500C7FA84 /* vec2.c in Sources */ = {isa = PBXBuildFile; fileRef = D809E8CE1A02030500C7FA84 /* vec2.c */; };
		D809E9021A02030500C7FA84 /* vec2.c in Sources */ = {isa = PBXBuildFile; fileRef = D809E8CE1A02030500C7FA84 /* vec2.c */; };
		D809E9031A02030500C7FA84 /* vec3.c in Sources */ = {isa = PBXBuildFile; fileRef = D809E8CF1A02030500C7FA84 /* vec3.c */; };
		D809E9041A02030500C7FA84 /* vec3.c in Sources */ = {isa = PBXBuildFile; fileRef = D809E8CF1A02030500C7FA84 /* vec3.c */; };
		D809E9051A02030500C7FA84 /* vec4.c in Sources */ = {isa = PBXBuildFile; fileRef = D809E8D01A02030500C7FA84 /* vec4.c */; };
		D809E9061A02030500C7FA84 /* vec4.c in Sources */ = {isa = PBXBuildFile; fileRef = D809E8D01A02030500C7FA84 /* vec4.c */; };
/* End PBXBuildFile section */

/* Begin PBXFileReference section */
		0855E68B180D7BDA00E1CF69 /* lib3dmath.a */ = {isa = PBXFileReference; explicitFileType = archive.ar; includeInIndex = 0; path = lib3dmath.a; sourceTree = BUILT_PRODUCTS_DIR; };
		D809E8B61A02030500C7FA84 /* easing.h */ = {isa = PBXFileReference; fileEncoding = 4; lastKnownFileType = sourcecode.c.h; name = easing.h; path = ../../src/easing.h; sourceTree = "<group>"; };
		D809E8B71A02030500C7FA84 /* geometric-tools.h */ = {isa = PBXFileReference; fileEncoding = 4; lastKnownFileType = sourcecode.c.h; name = "geometric-tools.h"; path = "../../src/geometric-tools.h"; sourceTree = "<group>"; };
		D809E8B81A02030500C7FA84 /* lib3dmath-config-vs2013.h */ = {isa = PBXFileReference; fileEncoding = 4; lastKnownFileType = sourcecode.c.h; name = "lib3dmath-config-vs2013.h"; path = "../../src/lib3dmath-config-vs2013.h"; sourceTree = "<group>"; };
		D809E8B91A02030500C7FA84 /* lib3dmath-config.h */ = {isa = PBXFileReference; fileEncoding = 4; lastKnownFileType = sourcecode.c.h; name = "lib3dmath-config.h"; path = "../../src/lib3dmath-config.h"; sourceTree = "<group>"; };
		D809E8BA1A02030500C7FA84 /* mat2.h */ = {isa = PBXFileReference; fileEncoding = 4; lastKnownFileType = sourcecode.c.h; name = mat2.h; path = ../../src/mat2.h; sourceTree = "<group>"; };
		D809E8BB1A02030500C7FA84 /* mat3.h */ = {isa = PBXFileReference; fileEncoding = 4; lastKnownFileType = sourcecode.c.h; name = mat3.h; path = ../../src/mat3.h; sourceTree = "<group>"; };
		D809E8BC1A02030500C7FA84 /* mat4.h */ = {isa = PBXFileReference; fileEncoding = 4; lastKnownFileType = sourcecode.c.h; name = mat4.h; path = ../../src/mat4.h; sourceTree = "<group>"; };
		D809E8BD1A02030500C7FA84 /* mathematics.h */ = {isa = PBXFileReference; fileEncoding = 4; lastKnownFileType = sourcecode.c.h; name = mathematics.h; path = ../../src/mathematics.h; sourceTree = "<group>"; };
		D809E8BE1A02030500C7FA84 /* projections.h */ = {isa = PBXFileReference; fileEncoding = 4; lastKnownFileType = sourcecode.c.h; name = projections.h; path = ../../src/projections.h; sourceTree = "<group>"; };
		D809E8BF1A02030500C7FA84 /* quat.h */ = {isa = PBXFileReference; fileEncoding = 4; lastKnownFileType = sourcecode.c.h; name = quat.h; path = ../../src/quat.h; sourceTree = "<group>"; };
		D809E8C01A02030500C7FA84 /* scaler-double.h */ = {isa = PBXFileReference; fileEncoding = 4; lastKnownFileType = sourcecode.c.h; name = "scaler-double.h"; path = "../../src/scaler-double.h"; sourceTree = "<group>"; };
		D809E8C11A02030500C7FA84 /* scaler-float.h */ = {isa = PBXFileReference; fileEncoding = 4; lastKnownFileType = sourcecode.c.h; name = "scaler-float.h"; path = "../../src/scaler-float.h"; sourceTree = "<group>"; };
		D809E8C21A02030500C7FA84 /* scaler-long-double.h */ = {isa = PBXFileReference; fileEncoding = 4; lastKnownFileType = sourcecode.c.h; name = "scaler-long-double.h"; path = "../../src/scaler-long-double.h"; sourceTree = "<group>"; };
		D809E8C31A02030500C7FA84 /* transforms.h */ = {isa = PBXFileReference; fileEncoding = 4; lastKnownFileType = sourcecode.c.h; name = transforms.h; path = ../../src/transforms.h; sourceTree = "<group>"; };
		D809E8C41A02030500C7FA84 /* vec2.h */ = {isa = PBXFileReference; fileEncoding = 4; lastKnownFileType = sourcecode.c.h; name = vec2.h; path = ../../src/vec2.h; sourceTree = "<group>"; };
		D809E8C51A02030500C7FA84 /* vec3.h */ = {isa = PBXFileReference; fileEncoding = 4; lastKnownFileType = sourcecode.c.h; name = vec3.h; path = ../../src/vec3.h; sourceTree = "<group>"; };
		D809E8C61A02030500C7FA84 /* vec4.h */ = {isa = PBXFileReference; fileEncoding = 4; lastKnownFileType = sourcecode.c.h; name = vec4.h; path = ../../src/vec4.h; sourceTree = "<group>"; };
		D809E8C71A02030500C7FA84 /* geometric-tools.c */ = {isa = PBXFileReference; fileEncoding = 4; lastKnownFileType = sourcecode.c.c; name = "geometric-tools.c"; path = "../../src/geometric-tools.c"; sourceTree = "<group>"; };
		D809E8C81A02030500C7FA84 /* mat2.c */ = {isa = PBXFileReference; fileEncoding = 4; lastKnownFileType = sourcecode.c.c; name = mat2.c; path = ../../src/mat2.c; sourceTree = "<group>"; };
		D809E8C91A02030500C7FA84 /* mat3.c */ = {isa = PBXFileReference; fileEncoding = 4; lastKnownFileType = sourcecode.c.c; name = mat3.c; path = ../../src/mat3.c; sourceTree = "<group>"; };
		D809E8CA1A02030500C7FA84 /* mat4.c */ = {isa = PBXFileReference; fileEncoding = 4; lastKnownFileType = sourcecode.c.c; name = mat4.c; path = ../../src/mat4.c; sourceTree = "<group>"; };
		D809E8CB1A02030500C7FA84 /* mathematics.c */ = {isa = PBXFileReference; fileEncoding = 4; lastKnownFileType = sourcecode.c.c; name = mathematics.c; path = ../../src/mathematics.c; sourceTree = "<group>"; };
		D809E8CC1A02030500C7FA84 /* quat.c */ = {isa = PBXFileReference; fileEncoding = 4; lastKnownFileType = sourcecode.c.c; name = quat.c; path = ../../src/quat.c; sourceTree = "<group>"; };
		D809E8CD1A02030500C7FA84 /* transforms.c */ = {isa = PBXFileReference; fileEncoding = 4; lastKnownFileType = sourcecode.c.c; name = transforms.c; path = ../../src/transforms.c; sourceTree = "<group>"; };
		D809E8CE1A02030500C7FA84 /* vec2.c */ = {isa = PBXFileReference; fileEncoding = 4; lastKnownFileType = sourcecode.c.c; name = vec2.c; path = ../../src/vec2.c; sourceTree = "<group>"; };
		D809E8CF1A02030500C7FA84 /* vec3.c */ = {isa = PBXFileReference; fileEncoding = 4; lastKnownFileType = sourcecode.c.c; name = vec3.c; path = ../../src/vec3.c; sourceTree = "<group>"; };
		D809E8D01A02030500C7FA84 /* vec4.c */ = {isa = PBXFileReference; fileEncoding = 4; lastKnownFileType = sourcecode.c.c; name = vec4.c; path = ../../src/vec4.c; sourceTree = "<group>"; };
		D8DFF6FB196937FA0035430B /* lib3dmath.a */ = {isa = PBXFileReference; explicitFileType = archive.ar; includeInIndex = 0; path = lib3dmath.a; sourceTree = BUILT_PRODUCTS_DIR; };
/* End PBXFileReference section */

/* Begin PBXFrameworksBuildPhase section */
		0855E688180D7BDA00E1CF69 /* Frameworks */ = {
			isa = PBXFrameworksBuildPhase;
			buildActionMask = 2147483647;
			files = (
			);
			runOnlyForDeploymentPostprocessing = 0;
		};
		D8DFF6E9196937FA0035430B /* Frameworks */ = {
			isa = PBXFrameworksBuildPhase;
			buildActionMask = 2147483647;
			files = (
			);
			runOnlyForDeploymentPostprocessing = 0;
		};
/* End PBXFrameworksBuildPhase section */

/* Begin PBXGroup section */
		0855E682180D7BDA00E1CF69 = {
			isa = PBXGroup;
			children = (
				D809E8B51A0202E200C7FA84 /* src */,
				0855E68C180D7BDA00E1CF69 /* Products */,
			);
			sourceTree = "<group>";
		};
		0855E68C180D7BDA00E1CF69 /* Products */ = {
			isa = PBXGroup;
			children = (
				0855E68B180D7BDA00E1CF69 /* lib3dmath.a */,
				D8DFF6FB196937FA0035430B /* lib3dmath.a */,
			);
			indentWidth = 4;
			name = Products;
			sourceTree = "<group>";
			tabWidth = 4;
		};
		D809E8B51A0202E200C7FA84 /* src */ = {
			isa = PBXGroup;
			children = (
				D809E8B61A02030500C7FA84 /* easing.h */,
				D809E8B71A02030500C7FA84 /* geometric-tools.h */,
				D809E8B81A02030500C7FA84 /* lib3dmath-config-vs2013.h */,
				D809E8B91A02030500C7FA84 /* lib3dmath-config.h */,
				D809E8BA1A02030500C7FA84 /* mat2.h */,
				D809E8BB1A02030500C7FA84 /* mat3.h */,
				D809E8BC1A02030500C7FA84 /* mat4.h */,
				D809E8BD1A02030500C7FA84 /* mathematics.h */,
				D809E8BE1A02030500C7FA84 /* projections.h */,
				D809E8BF1A02030500C7FA84 /* quat.h */,
				D809E8C01A02030500C7FA84 /* scaler-double.h */,
				D809E8C11A02030500C7FA84 /* scaler-float.h */,
				D809E8C21A02030500C7FA84 /* scaler-long-double.h */,
				D809E8C31A02030500C7FA84 /* transforms.h */,
				D809E8C41A02030500C7FA84 /* vec2.h */,
				D809E8C51A02030500C7FA84 /* vec3.h */,
				D809E8C61A02030500C7FA84 /* vec4.h */,
				D809E8C71A02030500C7FA84 /* geometric-tools.c */,
				D809E8C81A02030500C7FA84 /* mat2.c */,
				D809E8C91A02030500C7FA84 /* mat3.c */,
				D809E8CA1A02030500C7FA84 /* mat4.c */,
				D809E8CB1A02030500C7FA84 /* mathematics.c */,
				D809E8CC1A02030500C7FA84 /* quat.c */,
				D809E8CD1A02030500C7FA84 /* transforms.c */,
				D809E8CE1A02030500C7FA84 /* vec2.c */,
				D809E8CF1A02030500C7FA84 /* vec3.c */,
				D809E8D01A02030500C7FA84 /* vec4.c */,
			);
			name = src;
			sourceTree = "<group>";
		};
/* End PBXGroup section */

/* Begin PBXHeadersBuildPhase section */
		0855E689180D7BDA00E1CF69 /* Headers */ = {
			isa = PBXHeadersBuildPhase;
			buildActionMask = 2147483647;
			files = (
				D809E8E51A02030500C7FA84 /* scaler-double.h in Headers */,
				D809E8E91A02030500C7FA84 /* scaler-long-double.h in Headers */,
				D809E8E71A02030500C7FA84 /* scaler-float.h in Headers */,
				D809E8D91A02030500C7FA84 /* mat2.h in Headers */,
				D809E8DB1A02030500C7FA84 /* mat3.h in Headers */,
				D809E8ED1A02030500C7FA84 /* vec2.h in Headers */,
				D809E8D31A02030500C7FA84 /* geometric-tools.h in Headers */,
				D809E8DF1A02030500C7FA84 /* mathematics.h in Headers */,
				D809E8D51A02030500C7FA84 /* lib3dmath-config-vs2013.h in Headers */,
				D809E8E31A02030500C7FA84 /* quat.h in Headers */,
				D809E8D11A02030500C7FA84 /* easing.h in Headers */,
				D809E8D71A02030500C7FA84 /* lib3dmath-config.h in Headers */,
				D809E8E11A02030500C7FA84 /* projections.h in Headers */,
				D809E8EF1A02030500C7FA84 /* vec3.h in Headers */,
				D809E8DD1A02030500C7FA84 /* mat4.h in Headers */,
				D809E8F11A02030500C7FA84 /* vec4.h in Headers */,
				D809E8EB1A02030500C7FA84 /* transforms.h in Headers */,
			);
			runOnlyForDeploymentPostprocessing = 0;
		};
		D8DFF6EA196937FA0035430B /* Headers */ = {
			isa = PBXHeadersBuildPhase;
			buildActionMask = 2147483647;
			files = (
				D809E8E61A02030500C7FA84 /* scaler-double.h in Headers */,
				D809E8EA1A02030500C7FA84 /* scaler-long-double.h in Headers */,
				D809E8E81A02030500C7FA84 /* scaler-float.h in Headers */,
				D809E8DA1A02030500C7FA84 /* mat2.h in Headers */,
				D809E8DC1A02030500C7FA84 /* mat3.h in Headers */,
				D809E8EE1A02030500C7FA84 /* vec2.h in Headers */,
				D809E8D41A02030500C7FA84 /* geometric-tools.h in Headers */,
				D809E8E01A02030500C7FA84 /* mathematics.h in Headers */,
				D809E8D61A02030500C7FA84 /* lib3dmath-config-vs2013.h in Headers */,
				D809E8E41A02030500C7FA84 /* quat.h in Headers */,
				D809E8D21A02030500C7FA84 /* easing.h in Headers */,
				D809E8D81A02030500C7FA84 /* lib3dmath-config.h in Headers */,
				D809E8E21A02030500C7FA84 /* projections.h in Headers */,
				D809E8F01A02030500C7FA84 /* vec3.h in Headers */,
				D809E8DE1A02030500C7FA84 /* mat4.h in Headers */,
				D809E8F21A02030500C7FA84 /* vec4.h in Headers */,
				D809E8EC1A02030500C7FA84 /* transforms.h in Headers */,
			);
			runOnlyForDeploymentPostprocessing = 0;
		};
/* End PBXHeadersBuildPhase section */

/* Begin PBXNativeTarget section */
		0855E68A180D7BDA00E1CF69 /* lib3dmath-static */ = {
			isa = PBXNativeTarget;
			buildConfigurationList = 0855E68F180D7BDA00E1CF69 /* Build configuration list for PBXNativeTarget "lib3dmath-static" */;
			buildPhases = (
				0855E687180D7BDA00E1CF69 /* Sources */,
				0855E688180D7BDA00E1CF69 /* Frameworks */,
				0855E689180D7BDA00E1CF69 /* Headers */,
			);
			buildRules = (
			);
			dependencies = (
			);
			name = "lib3dmath-static";
			productName = 3dmath;
			productReference = 0855E68B180D7BDA00E1CF69 /* lib3dmath.a */;
			productType = "com.apple.product-type.library.static";
		};
		D8DFF6DF196937FA0035430B /* lib3dmath-static-ios */ = {
			isa = PBXNativeTarget;
			buildConfigurationList = D8DFF6F8196937FA0035430B /* Build configuration list for PBXNativeTarget "lib3dmath-static-ios" */;
			buildPhases = (
				D8DFF6E0196937FA0035430B /* Sources */,
				D8DFF6E9196937FA0035430B /* Frameworks */,
				D8DFF6EA196937FA0035430B /* Headers */,
			);
			buildRules = (
			);
			dependencies = (
			);
			name = "lib3dmath-static-ios";
			productName = 3dmath;
			productReference = D8DFF6FB196937FA0035430B /* lib3dmath.a */;
			productType = "com.apple.product-type.library.static";
		};
/* End PBXNativeTarget section */

/* Begin PBXProject section */
		0855E683180D7BDA00E1CF69 /* Project object */ = {
			isa = PBXProject;
			attributes = {
				LastUpgradeCheck = 0610;
				ORGANIZATIONNAME = "Joe Marrero";
			};
			buildConfigurationList = 0855E686180D7BDA00E1CF69 /* Build configuration list for PBXProject "lib3dmath" */;
			compatibilityVersion = "Xcode 3.2";
			developmentRegion = English;
			hasScannedForEncodings = 0;
			knownRegions = (
				en,
			);
			mainGroup = 0855E682180D7BDA00E1CF69;
			productRefGroup = 0855E68C180D7BDA00E1CF69 /* Products */;
			projectDirPath = "";
			projectRoot = "";
			targets = (
				0855E68A180D7BDA00E1CF69 /* lib3dmath-static */,
				D8DFF6DF196937FA0035430B /* lib3dmath-static-ios */,
			);
		};
/* End PBXProject section */

/* Begin PBXSourcesBuildPhase section */
		0855E687180D7BDA00E1CF69 /* Sources */ = {
			isa = PBXSourcesBuildPhase;
			buildActionMask = 2147483647;
			files = (
				D809E8FB1A02030500C7FA84 /* mathematics.c in Sources */,
				D809E8F71A02030500C7FA84 /* mat3.c in Sources */,
				D809E8FD1A02030500C7FA84 /* quat.c in Sources */,
				D809E8FF1A02030500C7FA84 /* transforms.c in Sources */,
				D809E8F91A02030500C7FA84 /* mat4.c in Sources */,
				D809E9051A02030500C7FA84 /* vec4.c in Sources */,
				D809E8F31A02030500C7FA84 /* geometric-tools.c in Sources */,
				D809E9031A02030500C7FA84 /* vec3.c in Sources */,
				D809E8F51A02030500C7FA84 /* mat2.c in Sources */,
				D809E9011A02030500C7FA84 /* vec2.c in Sources */,
			);
			runOnlyForDeploymentPostprocessing = 0;
		};
		D8DFF6E0196937FA0035430B /* Sources */ = {
			isa = PBXSourcesBuildPhase;
			buildActionMask = 2147483647;
			files = (
				D809E8FC1A02030500C7FA84 /* mathematics.c in Sources */,
				D809E8F81A02030500C7FA84 /* mat3.c in Sources */,
				D809E8FE1A02030500C7FA84 /* quat.c in Sources */,
				D809E9001A02030500C7FA84 /* transforms.c in Sources */,
				D809E8FA1A02030500C7FA84 /* mat4.c in Sources */,
				D809E9061A02030500C7FA84 /* vec4.c in Sources */,
				D809E8F41A02030500C7FA84 /* geometric-tools.c in Sources */,
				D809E9041A02030500C7FA84 /* vec3.c in Sources */,
				D809E8F61A02030500C7FA84 /* mat2.c in Sources */,
				D809E9021A02030500C7FA84 /* vec2.c in Sources */,
			);
			runOnlyForDeploymentPostprocessing = 0;
		};
/* End PBXSourcesBuildPhase section */

/* Begin XCBuildConfiguration section */
		0855E68D180D7BDA00E1CF69 /* Debug */ = {
			isa = XCBuildConfiguration;
			buildSettings = {
				ALWAYS_SEARCH_USER_PATHS = NO;
				CLANG_CXX_LANGUAGE_STANDARD = "gnu++0x";
				CLANG_WARN_BOOL_CONVERSION = YES;
				CLANG_WARN_CONSTANT_CONVERSION = YES;
				CLANG_WARN_DIRECT_OBJC_ISA_USAGE = YES_ERROR;
				CLANG_WARN_EMPTY_BODY = YES;
				CLANG_WARN_ENUM_CONVERSION = YES;
				CLANG_WARN_INT_CONVERSION = YES;
				CLANG_WARN_OBJC_ROOT_CLASS = YES_ERROR;
				CLANG_WARN__DUPLICATE_METHOD_MATCH = YES;
				COPY_PHASE_STRIP = NO;
				EXECUTABLE_EXTENSION = a;
				EXECUTABLE_PREFIX = lib;
				GCC_C_LANGUAGE_STANDARD = c99;
				GCC_OPTIMIZATION_LEVEL = 0;
				GCC_PREPROCESSOR_DEFINITIONS = (
					"DEBUG=1",
					"$(inherited)",
				);
				GCC_SYMBOLS_PRIVATE_EXTERN = NO;
				GCC_UNROLL_LOOPS = YES;
				GCC_WARN_64_TO_32_BIT_CONVERSION = YES;
				GCC_WARN_ABOUT_RETURN_TYPE = YES_ERROR;
				GCC_WARN_UNDECLARED_SELECTOR = YES;
				GCC_WARN_UNINITIALIZED_AUTOS = YES;
				GCC_WARN_UNUSED_FUNCTION = YES;
				GCC_WARN_UNUSED_VARIABLE = YES;
				MACH_O_TYPE = staticlib;
				MACOSX_DEPLOYMENT_TARGET = 10.8;
				ONLY_ACTIVE_ARCH = YES;
				PRODUCT_NAME = 3dmath;
				PUBLIC_HEADERS_FOLDER_PATH = "include/lib$(PRODUCT_NAME)";
				TARGETED_DEVICE_FAMILY = "1,2";
			};
			name = Debug;
		};
		0855E68E180D7BDA00E1CF69 /* Release */ = {
			isa = XCBuildConfiguration;
			buildSettings = {
				ALWAYS_SEARCH_USER_PATHS = NO;
				CLANG_CXX_LANGUAGE_STANDARD = "gnu++0x";
				CLANG_WARN_BOOL_CONVERSION = YES;
				CLANG_WARN_CONSTANT_CONVERSION = YES;
				CLANG_WARN_DIRECT_OBJC_ISA_USAGE = YES_ERROR;
				CLANG_WARN_EMPTY_BODY = YES;
				CLANG_WARN_ENUM_CONVERSION = YES;
				CLANG_WARN_INT_CONVERSION = YES;
				CLANG_WARN_OBJC_ROOT_CLASS = YES_ERROR;
				CLANG_WARN__DUPLICATE_METHOD_MATCH = YES;
				COPY_PHASE_STRIP = YES;
				ENABLE_NS_ASSERTIONS = NO;
				EXECUTABLE_EXTENSION = a;
				EXECUTABLE_PREFIX = lib;
				GCC_C_LANGUAGE_STANDARD = c99;
				GCC_OPTIMIZATION_LEVEL = fast;
				GCC_UNROLL_LOOPS = YES;
				GCC_WARN_64_TO_32_BIT_CONVERSION = YES;
				GCC_WARN_ABOUT_RETURN_TYPE = YES_ERROR;
				GCC_WARN_UNDECLARED_SELECTOR = YES;
				GCC_WARN_UNINITIALIZED_AUTOS = YES;
				GCC_WARN_UNUSED_FUNCTION = YES;
				GCC_WARN_UNUSED_VARIABLE = YES;
				MACH_O_TYPE = staticlib;
				MACOSX_DEPLOYMENT_TARGET = 10.8;
				ONLY_ACTIVE_ARCH = YES;
				PRODUCT_NAME = 3dmath;
				PUBLIC_HEADERS_FOLDER_PATH = "include/lib$(PRODUCT_NAME)";
				TARGETED_DEVICE_FAMILY = "1,2";
			};
			name = Release;
		};
		0855E690180D7BDA00E1CF69 /* Debug */ = {
			isa = XCBuildConfiguration;
			buildSettings = {
				COMBINE_HIDPI_IMAGES = YES;
				SDKROOT = macosx;
			};
			name = Debug;
		};
		0855E691180D7BDA00E1CF69 /* Release */ = {
			isa = XCBuildConfiguration;
			buildSettings = {
				COMBINE_HIDPI_IMAGES = YES;
				SDKROOT = macosx;
			};
			name = Release;
		};
		D8DFF6F9196937FA0035430B /* Debug */ = {
			isa = XCBuildConfiguration;
			buildSettings = {
				SDKROOT = iphoneos;
			};
			name = Debug;
		};
		D8DFF6FA196937FA0035430B /* Release */ = {
			isa = XCBuildConfiguration;
			buildSettings = {
				SDKROOT = iphoneos;
			};
			name = Release;
		};
/* End XCBuildConfiguration section */

/* Begin XCConfigurationList section */
		0855E686180D7BDA00E1CF69 /* Build configuration list for PBXProject "lib3dmath" */ = {
			isa = XCConfigurationList;
			buildConfigurations = (
				0855E68D180D7BDA00E1CF69 /* Debug */,
				0855E68E180D7BDA00E1CF69 /* Release */,
			);
			defaultConfigurationIsVisible = 0;
			defaultConfigurationName = Release;
		};
		0855E68F180D7BDA00E1CF69 /* Build configuration list for PBXNativeTarget "lib3dmath-static" */ = {
			isa = XCConfigurationList;
			buildConfigurations = (
				0855E690180D7BDA00E1CF69 /* Debug */,
				0855E691180D7BDA00E1CF69 /* Release */,
			);
			defaultConfigurationIsVisible = 0;
			defaultConfigurationName = Release;
		};
		D8DFF6F8196937FA0035430B /* Build configuration list for PBXNativeTarget "lib3dmath-static-ios" */ = {
			isa = XCConfigurationList;
			buildConfigurations = (
				D8DFF6F9196937FA0035430B /* Debug */,
				D8DFF6FA196937FA0035430B /* Release */,
			);
			defaultConfigurationIsVisible = 0;
			defaultConfigurationName = Release;
		};
/* End XCConfigurationList section */
	};
	rootObject = 0855E683180D7BDA00E1CF69 /* Project object */;
}
