// !$*UTF8*$!
{
	archiveVersion = 1;
	classes = {
	};
	objectVersion = 46;
	objects = {

/* Begin PBXBuildFile section */
		087C81FF180D7C3A003D5A59 /* mat2.c in Sources */ = {isa = PBXBuildFile; fileRef = 087C81EF180D7C3A003D5A59 /* mat2.c */; };
		087C8200180D7C3A003D5A59 /* mat2.h in Headers */ = {isa = PBXBuildFile; fileRef = 087C81F0180D7C3A003D5A59 /* mat2.h */; settings = {ATTRIBUTES = (Public, ); }; };
		087C8201180D7C3A003D5A59 /* mat3.c in Sources */ = {isa = PBXBuildFile; fileRef = 087C81F1180D7C3A003D5A59 /* mat3.c */; };
		087C8202180D7C3A003D5A59 /* mat3.h in Headers */ = {isa = PBXBuildFile; fileRef = 087C81F2180D7C3A003D5A59 /* mat3.h */; settings = {ATTRIBUTES = (Public, ); }; };
		087C8203180D7C3A003D5A59 /* mat4.c in Sources */ = {isa = PBXBuildFile; fileRef = 087C81F3180D7C3A003D5A59 /* mat4.c */; };
		087C8204180D7C3A003D5A59 /* mat4.h in Headers */ = {isa = PBXBuildFile; fileRef = 087C81F4180D7C3A003D5A59 /* mat4.h */; settings = {ATTRIBUTES = (Public, ); }; };
		087C8205180D7C3A003D5A59 /* mathematics.c in Sources */ = {isa = PBXBuildFile; fileRef = 087C81F5180D7C3A003D5A59 /* mathematics.c */; };
		087C8206180D7C3A003D5A59 /* mathematics.h in Headers */ = {isa = PBXBuildFile; fileRef = 087C81F6180D7C3A003D5A59 /* mathematics.h */; settings = {ATTRIBUTES = (Public, ); }; };
		087C8207180D7C3A003D5A59 /* quat.c in Sources */ = {isa = PBXBuildFile; fileRef = 087C81F7180D7C3A003D5A59 /* quat.c */; };
		087C8208180D7C3A003D5A59 /* quat.h in Headers */ = {isa = PBXBuildFile; fileRef = 087C81F8180D7C3A003D5A59 /* quat.h */; settings = {ATTRIBUTES = (Public, ); }; };
		087C8209180D7C3A003D5A59 /* vec2.c in Sources */ = {isa = PBXBuildFile; fileRef = 087C81F9180D7C3A003D5A59 /* vec2.c */; };
		087C820A180D7C3A003D5A59 /* vec2.h in Headers */ = {isa = PBXBuildFile; fileRef = 087C81FA180D7C3A003D5A59 /* vec2.h */; settings = {ATTRIBUTES = (Public, ); }; };
		087C820B180D7C3A003D5A59 /* vec3.c in Sources */ = {isa = PBXBuildFile; fileRef = 087C81FB180D7C3A003D5A59 /* vec3.c */; };
		087C820C180D7C3A003D5A59 /* vec3.h in Headers */ = {isa = PBXBuildFile; fileRef = 087C81FC180D7C3A003D5A59 /* vec3.h */; settings = {ATTRIBUTES = (Public, ); }; };
		087C820D180D7C3A003D5A59 /* vec4.c in Sources */ = {isa = PBXBuildFile; fileRef = 087C81FD180D7C3A003D5A59 /* vec4.c */; };
		087C820E180D7C3A003D5A59 /* vec4.h in Headers */ = {isa = PBXBuildFile; fileRef = 087C81FE180D7C3A003D5A59 /* vec4.h */; settings = {ATTRIBUTES = (Public, ); }; };
		D82D14DC194DF1F500752193 /* lib3dmath-config.h in Headers */ = {isa = PBXBuildFile; fileRef = D83B84671946AD3900201CD5 /* lib3dmath-config.h */; settings = {ATTRIBUTES = (Public, ); }; };
		D82D14DE194DF23200752193 /* easing.h in Headers */ = {isa = PBXBuildFile; fileRef = D82D14DD194DF23200752193 /* easing.h */; settings = {ATTRIBUTES = (Public, ); }; };
		D86B84D9198341E500CC40F2 /* geometric-tools.h in Headers */ = {isa = PBXBuildFile; fileRef = D86B84D6198341E500CC40F2 /* geometric-tools.h */; };
		D86B84DA198341E500CC40F2 /* geometric-tools.h in Headers */ = {isa = PBXBuildFile; fileRef = D86B84D6198341E500CC40F2 /* geometric-tools.h */; };
		D89CE3B71979941C00710BD8 /* geometric-tools.h in Headers */ = {isa = PBXBuildFile; fileRef = D89CE3B61979941C00710BD8 /* geometric-tools.h */; settings = {ATTRIBUTES = (Public, ); }; };
		D89CE3B81979941C00710BD8 /* geometric-tools.h in Headers */ = {isa = PBXBuildFile; fileRef = D89CE3B61979941C00710BD8 /* geometric-tools.h */; settings = {ATTRIBUTES = (Public, ); }; };
		D89CE3C61979A0DA00710BD8 /* geometric-tools.c in Sources */ = {isa = PBXBuildFile; fileRef = D89CE3C51979A0DA00710BD8 /* geometric-tools.c */; };
		D89CE3C71979A0DA00710BD8 /* geometric-tools.c in Sources */ = {isa = PBXBuildFile; fileRef = D89CE3C51979A0DA00710BD8 /* geometric-tools.c */; };
		D8C3632D1971003000728622 /* transforms.c in Sources */ = {isa = PBXBuildFile; fileRef = D8C3632C1971003000728622 /* transforms.c */; };
		D8C3632E1971003000728622 /* transforms.c in Sources */ = {isa = PBXBuildFile; fileRef = D8C3632C1971003000728622 /* transforms.c */; };
		D8C363301971003B00728622 /* transforms.h in Headers */ = {isa = PBXBuildFile; fileRef = D8C3632F1971003B00728622 /* transforms.h */; settings = {ATTRIBUTES = (Public, ); }; };
		D8C363311971003B00728622 /* transforms.h in Headers */ = {isa = PBXBuildFile; fileRef = D8C3632F1971003B00728622 /* transforms.h */; settings = {ATTRIBUTES = (Public, ); }; };
		D8DFF6E1196937FA0035430B /* quat.c in Sources */ = {isa = PBXBuildFile; fileRef = 087C81F7180D7C3A003D5A59 /* quat.c */; };
		D8DFF6E2196937FA0035430B /* vec4.c in Sources */ = {isa = PBXBuildFile; fileRef = 087C81FD180D7C3A003D5A59 /* vec4.c */; };
		D8DFF6E3196937FA0035430B /* vec3.c in Sources */ = {isa = PBXBuildFile; fileRef = 087C81FB180D7C3A003D5A59 /* vec3.c */; };
		D8DFF6E4196937FA0035430B /* vec2.c in Sources */ = {isa = PBXBuildFile; fileRef = 087C81F9180D7C3A003D5A59 /* vec2.c */; };
		D8DFF6E5196937FA0035430B /* mat3.c in Sources */ = {isa = PBXBuildFile; fileRef = 087C81F1180D7C3A003D5A59 /* mat3.c */; };
		D8DFF6E6196937FA0035430B /* mat2.c in Sources */ = {isa = PBXBuildFile; fileRef = 087C81EF180D7C3A003D5A59 /* mat2.c */; };
		D8DFF6E7196937FA0035430B /* mathematics.c in Sources */ = {isa = PBXBuildFile; fileRef = 087C81F5180D7C3A003D5A59 /* mathematics.c */; };
		D8DFF6E8196937FA0035430B /* mat4.c in Sources */ = {isa = PBXBuildFile; fileRef = 087C81F3180D7C3A003D5A59 /* mat4.c */; };
		D8DFF6EB196937FA0035430B /* scaler-double.h in Headers */ = {isa = PBXBuildFile; fileRef = D8FBAE83194F815000C94819 /* scaler-double.h */; settings = {ATTRIBUTES = (Public, ); }; };
		D8DFF6EC196937FA0035430B /* scaler-long-double.h in Headers */ = {isa = PBXBuildFile; fileRef = D8FBAE85194F815000C94819 /* scaler-long-double.h */; settings = {ATTRIBUTES = (Public, ); }; };
		D8DFF6ED196937FA0035430B /* scaler-float.h in Headers */ = {isa = PBXBuildFile; fileRef = D8FBAE84194F815000C94819 /* scaler-float.h */; settings = {ATTRIBUTES = (Public, ); }; };
		D8DFF6EE196937FA0035430B /* lib3dmath-config.h in Headers */ = {isa = PBXBuildFile; fileRef = D83B84671946AD3900201CD5 /* lib3dmath-config.h */; settings = {ATTRIBUTES = (Public, ); }; };
		D8DFF6EF196937FA0035430B /* mathematics.h in Headers */ = {isa = PBXBuildFile; fileRef = 087C81F6180D7C3A003D5A59 /* mathematics.h */; settings = {ATTRIBUTES = (Public, ); }; };
		D8DFF6F0196937FA0035430B /* easing.h in Headers */ = {isa = PBXBuildFile; fileRef = D82D14DD194DF23200752193 /* easing.h */; settings = {ATTRIBUTES = (Public, ); }; };
		D8DFF6F1196937FA0035430B /* quat.h in Headers */ = {isa = PBXBuildFile; fileRef = 087C81F8180D7C3A003D5A59 /* quat.h */; settings = {ATTRIBUTES = (Public, ); }; };
		D8DFF6F2196937FA0035430B /* mat4.h in Headers */ = {isa = PBXBuildFile; fileRef = 087C81F4180D7C3A003D5A59 /* mat4.h */; settings = {ATTRIBUTES = (Public, ); }; };
		D8DFF6F3196937FA0035430B /* vec2.h in Headers */ = {isa = PBXBuildFile; fileRef = 087C81FA180D7C3A003D5A59 /* vec2.h */; settings = {ATTRIBUTES = (Public, ); }; };
		D8DFF6F4196937FA0035430B /* mat2.h in Headers */ = {isa = PBXBuildFile; fileRef = 087C81F0180D7C3A003D5A59 /* mat2.h */; settings = {ATTRIBUTES = (Public, ); }; };
		D8DFF6F5196937FA0035430B /* vec3.h in Headers */ = {isa = PBXBuildFile; fileRef = 087C81FC180D7C3A003D5A59 /* vec3.h */; settings = {ATTRIBUTES = (Public, ); }; };
		D8DFF6F6196937FA0035430B /* mat3.h in Headers */ = {isa = PBXBuildFile; fileRef = 087C81F2180D7C3A003D5A59 /* mat3.h */; settings = {ATTRIBUTES = (Public, ); }; };
		D8DFF6F7196937FA0035430B /* vec4.h in Headers */ = {isa = PBXBuildFile; fileRef = 087C81FE180D7C3A003D5A59 /* vec4.h */; settings = {ATTRIBUTES = (Public, ); }; };
		D8FBAE86194F815000C94819 /* scaler-double.h in Headers */ = {isa = PBXBuildFile; fileRef = D8FBAE83194F815000C94819 /* scaler-double.h */; settings = {ATTRIBUTES = (Public, ); }; };
		D8FBAE87194F815000C94819 /* scaler-float.h in Headers */ = {isa = PBXBuildFile; fileRef = D8FBAE84194F815000C94819 /* scaler-float.h */; settings = {ATTRIBUTES = (Public, ); }; };
		D8FBAE88194F815000C94819 /* scaler-long-double.h in Headers */ = {isa = PBXBuildFile; fileRef = D8FBAE85194F815000C94819 /* scaler-long-double.h */; settings = {ATTRIBUTES = (Public, ); }; };
/* End PBXBuildFile section */

/* Begin PBXFileReference section */
		0855E68B180D7BDA00E1CF69 /* lib3dmath.a */ = {isa = PBXFileReference; explicitFileType = archive.ar; includeInIndex = 0; path = lib3dmath.a; sourceTree = BUILT_PRODUCTS_DIR; };
		087C81EF180D7C3A003D5A59 /* mat2.c */ = {isa = PBXFileReference; fileEncoding = 4; lastKnownFileType = sourcecode.c.c; name = mat2.c; path = ../../src/mat2.c; sourceTree = "<group>"; };
		087C81F0180D7C3A003D5A59 /* mat2.h */ = {isa = PBXFileReference; fileEncoding = 4; lastKnownFileType = sourcecode.c.h; name = mat2.h; path = ../../src/mat2.h; sourceTree = "<group>"; };
		087C81F1180D7C3A003D5A59 /* mat3.c */ = {isa = PBXFileReference; fileEncoding = 4; lastKnownFileType = sourcecode.c.c; name = mat3.c; path = ../../src/mat3.c; sourceTree = "<group>"; };
		087C81F2180D7C3A003D5A59 /* mat3.h */ = {isa = PBXFileReference; fileEncoding = 4; lastKnownFileType = sourcecode.c.h; name = mat3.h; path = ../../src/mat3.h; sourceTree = "<group>"; };
		087C81F3180D7C3A003D5A59 /* mat4.c */ = {isa = PBXFileReference; fileEncoding = 4; lastKnownFileType = sourcecode.c.c; name = mat4.c; path = ../../src/mat4.c; sourceTree = "<group>"; };
		087C81F4180D7C3A003D5A59 /* mat4.h */ = {isa = PBXFileReference; fileEncoding = 4; lastKnownFileType = sourcecode.c.h; name = mat4.h; path = ../../src/mat4.h; sourceTree = "<group>"; };
		087C81F5180D7C3A003D5A59 /* mathematics.c */ = {isa = PBXFileReference; fileEncoding = 4; lastKnownFileType = sourcecode.c.c; name = mathematics.c; path = ../../src/mathematics.c; sourceTree = "<group>"; };
		087C81F6180D7C3A003D5A59 /* mathematics.h */ = {isa = PBXFileReference; fileEncoding = 4; lastKnownFileType = sourcecode.c.h; name = mathematics.h; path = ../../src/mathematics.h; sourceTree = "<group>"; };
		087C81F7180D7C3A003D5A59 /* quat.c */ = {isa = PBXFileReference; fileEncoding = 4; lastKnownFileType = sourcecode.c.c; name = quat.c; path = ../../src/quat.c; sourceTree = "<group>"; };
		087C81F8180D7C3A003D5A59 /* quat.h */ = {isa = PBXFileReference; fileEncoding = 4; lastKnownFileType = sourcecode.c.h; name = quat.h; path = ../../src/quat.h; sourceTree = "<group>"; };
		087C81F9180D7C3A003D5A59 /* vec2.c */ = {isa = PBXFileReference; fileEncoding = 4; lastKnownFileType = sourcecode.c.c; name = vec2.c; path = ../../src/vec2.c; sourceTree = "<group>"; };
		087C81FA180D7C3A003D5A59 /* vec2.h */ = {isa = PBXFileReference; fileEncoding = 4; lastKnownFileType = sourcecode.c.h; name = vec2.h; path = ../../src/vec2.h; sourceTree = "<group>"; };
		087C81FB180D7C3A003D5A59 /* vec3.c */ = {isa = PBXFileReference; fileEncoding = 4; lastKnownFileType = sourcecode.c.c; name = vec3.c; path = ../../src/vec3.c; sourceTree = "<group>"; };
		087C81FC180D7C3A003D5A59 /* vec3.h */ = {isa = PBXFileReference; fileEncoding = 4; lastKnownFileType = sourcecode.c.h; name = vec3.h; path = ../../src/vec3.h; sourceTree = "<group>"; };
		087C81FD180D7C3A003D5A59 /* vec4.c */ = {isa = PBXFileReference; fileEncoding = 4; lastKnownFileType = sourcecode.c.c; name = vec4.c; path = ../../src/vec4.c; sourceTree = "<group>"; };
		087C81FE180D7C3A003D5A59 /* vec4.h */ = {isa = PBXFileReference; fileEncoding = 4; lastKnownFileType = sourcecode.c.h; name = vec4.h; path = ../../src/vec4.h; sourceTree = "<group>"; };
		D82D14DD194DF23200752193 /* easing.h */ = {isa = PBXFileReference; fileEncoding = 4; lastKnownFileType = sourcecode.c.h; name = easing.h; path = ../../src/easing.h; sourceTree = "<group>"; };
		D83B84671946AD3900201CD5 /* lib3dmath-config.h */ = {isa = PBXFileReference; fileEncoding = 4; lastKnownFileType = sourcecode.c.h; name = "lib3dmath-config.h"; path = "../../src/lib3dmath-config.h"; sourceTree = "<group>"; };
		D86B84D6198341E500CC40F2 /* geometric-tools.h */ = {isa = PBXFileReference; fileEncoding = 4; lastKnownFileType = sourcecode.c.h; name = "geometric-tools.h"; path = "../../src/geometric-tools.h"; sourceTree = "<group>"; };
		D89CE3B61979941C00710BD8 /* geometric-tools.h */ = {isa = PBXFileReference; fileEncoding = 4; lastKnownFileType = sourcecode.c.h; name = "geometric-tools.h"; path = "../../src/geometric-tools.h"; sourceTree = "<group>"; };
		D89CE3C51979A0DA00710BD8 /* geometric-tools.c */ = {isa = PBXFileReference; fileEncoding = 4; lastKnownFileType = sourcecode.c.c; name = "geometric-tools.c"; path = "../../src/geometric-tools.c"; sourceTree = "<group>"; };
		D8C3632C1971003000728622 /* transforms.c */ = {isa = PBXFileReference; fileEncoding = 4; lastKnownFileType = sourcecode.c.c; name = transforms.c; path = ../../src/transforms.c; sourceTree = "<group>"; };
		D8C3632F1971003B00728622 /* transforms.h */ = {isa = PBXFileReference; fileEncoding = 4; lastKnownFileType = sourcecode.c.h; name = transforms.h; path = ../../src/transforms.h; sourceTree = "<group>"; };
		D8DFF6FB196937FA0035430B /* lib3dmath.a */ = {isa = PBXFileReference; explicitFileType = archive.ar; includeInIndex = 0; path = lib3dmath.a; sourceTree = BUILT_PRODUCTS_DIR; };
		D8FBAE83194F815000C94819 /* scaler-double.h */ = {isa = PBXFileReference; fileEncoding = 4; lastKnownFileType = sourcecode.c.h; name = "scaler-double.h"; path = "../../src/scaler-double.h"; sourceTree = "<group>"; };
		D8FBAE84194F815000C94819 /* scaler-float.h */ = {isa = PBXFileReference; fileEncoding = 4; lastKnownFileType = sourcecode.c.h; name = "scaler-float.h"; path = "../../src/scaler-float.h"; sourceTree = "<group>"; };
		D8FBAE85194F815000C94819 /* scaler-long-double.h */ = {isa = PBXFileReference; fileEncoding = 4; lastKnownFileType = sourcecode.c.h; name = "scaler-long-double.h"; path = "../../src/scaler-long-double.h"; sourceTree = "<group>"; };
/* End PBXFileReference section */

/* Begin PBXFrameworksBuildPhase section */
		0855E688180D7BDA00E1CF69 /* Frameworks */ = {
			isa = PBXFrameworksBuildPhase;
			buildActionMask = 2147483647;
			files = (
			);
			runOnlyForDeploymentPostprocessing = 0;
		};
		D8DFF6E9196937FA0035430B /* Frameworks */ = {
			isa = PBXFrameworksBuildPhase;
			buildActionMask = 2147483647;
			files = (
			);
			runOnlyForDeploymentPostprocessing = 0;
		};
/* End PBXFrameworksBuildPhase section */

/* Begin PBXGroup section */
		0855E682180D7BDA00E1CF69 = {
			isa = PBXGroup;
			children = (
				087C81EE180D7C03003D5A59 /* src */,
				0855E68C180D7BDA00E1CF69 /* Products */,
			);
			sourceTree = "<group>";
		};
		0855E68C180D7BDA00E1CF69 /* Products */ = {
			isa = PBXGroup;
			children = (
				0855E68B180D7BDA00E1CF69 /* lib3dmath.a */,
				D8DFF6FB196937FA0035430B /* lib3dmath.a */,
			);
			name = Products;
			sourceTree = "<group>";
		};
		087C81EE180D7C03003D5A59 /* src */ = {
			isa = PBXGroup;
			children = (
				D89CE3C51979A0DA00710BD8 /* geometric-tools.c */,
				D86B84D6198341E500CC40F2 /* geometric-tools.h */,
				D83B84671946AD3900201CD5 /* lib3dmath-config.h */,
				D8FBAE83194F815000C94819 /* scaler-double.h */,
				D8FBAE84194F815000C94819 /* scaler-float.h */,
				D8FBAE85194F815000C94819 /* scaler-long-double.h */,
				D82D14DD194DF23200752193 /* easing.h */,
				087C81EF180D7C3A003D5A59 /* mat2.c */,
				087C81F0180D7C3A003D5A59 /* mat2.h */,
				087C81F1180D7C3A003D5A59 /* mat3.c */,
				087C81F2180D7C3A003D5A59 /* mat3.h */,
				087C81F3180D7C3A003D5A59 /* mat4.c */,
				087C81F4180D7C3A003D5A59 /* mat4.h */,
				087C81F5180D7C3A003D5A59 /* mathematics.c */,
				087C81F6180D7C3A003D5A59 /* mathematics.h */,
				087C81F7180D7C3A003D5A59 /* quat.c */,
				087C81F8180D7C3A003D5A59 /* quat.h */,
				087C81F9180D7C3A003D5A59 /* vec2.c */,
				087C81FA180D7C3A003D5A59 /* vec2.h */,
				087C81FB180D7C3A003D5A59 /* vec3.c */,
				087C81FC180D7C3A003D5A59 /* vec3.h */,
				087C81FD180D7C3A003D5A59 /* vec4.c */,
				087C81FE180D7C3A003D5A59 /* vec4.h */,
				D8C3632C1971003000728622 /* transforms.c */,
				D8C3632F1971003B00728622 /* transforms.h */,
				D89CE3B61979941C00710BD8 /* geometric-tools.h */,
			);
			name = src;
			sourceTree = "<group>";
		};
/* End PBXGroup section */

/* Begin PBXHeadersBuildPhase section */
		0855E689180D7BDA00E1CF69 /* Headers */ = {
			isa = PBXHeadersBuildPhase;
			buildActionMask = 2147483647;
			files = (
				D8FBAE86194F815000C94819 /* scaler-double.h in Headers */,
				D8FBAE88194F815000C94819 /* scaler-long-double.h in Headers */,
				D8FBAE87194F815000C94819 /* scaler-float.h in Headers */,
				D82D14DC194DF1F500752193 /* lib3dmath-config.h in Headers */,
				D86B84D9198341E500CC40F2 /* geometric-tools.h in Headers */,
				087C8206180D7C3A003D5A59 /* mathematics.h in Headers */,
				D82D14DE194DF23200752193 /* easing.h in Headers */,
				087C8208180D7C3A003D5A59 /* quat.h in Headers */,
				087C8204180D7C3A003D5A59 /* mat4.h in Headers */,
				087C820A180D7C3A003D5A59 /* vec2.h in Headers */,
				087C8200180D7C3A003D5A59 /* mat2.h in Headers */,
				087C820C180D7C3A003D5A59 /* vec3.h in Headers */,
				087C8202180D7C3A003D5A59 /* mat3.h in Headers */,
				087C820E180D7C3A003D5A59 /* vec4.h in Headers */,
				D89CE3B71979941C00710BD8 /* geometric-tools.h in Headers */,
				D8C363301971003B00728622 /* transforms.h in Headers */,
			);
			runOnlyForDeploymentPostprocessing = 0;
		};
		D8DFF6EA196937FA0035430B /* Headers */ = {
			isa = PBXHeadersBuildPhase;
			buildActionMask = 2147483647;
			files = (
				D8DFF6EB196937FA0035430B /* scaler-double.h in Headers */,
				D8DFF6EC196937FA0035430B /* scaler-long-double.h in Headers */,
				D8DFF6ED196937FA0035430B /* scaler-float.h in Headers */,
				D8DFF6EE196937FA0035430B /* lib3dmath-config.h in Headers */,
				D86B84DA198341E500CC40F2 /* geometric-tools.h in Headers */,
				D8DFF6EF196937FA0035430B /* mathematics.h in Headers */,
				D8DFF6F0196937FA0035430B /* easing.h in Headers */,
				D8DFF6F1196937FA0035430B /* quat.h in Headers */,
				D8DFF6F2196937FA0035430B /* mat4.h in Headers */,
				D8DFF6F3196937FA0035430B /* vec2.h in Headers */,
				D8DFF6F4196937FA0035430B /* mat2.h in Headers */,
				D8DFF6F5196937FA0035430B /* vec3.h in Headers */,
				D8DFF6F6196937FA0035430B /* mat3.h in Headers */,
				D8DFF6F7196937FA0035430B /* vec4.h in Headers */,
				D89CE3B81979941C00710BD8 /* geometric-tools.h in Headers */,
				D8C363311971003B00728622 /* transforms.h in Headers */,
			);
			runOnlyForDeploymentPostprocessing = 0;
		};
/* End PBXHeadersBuildPhase section */

/* Begin PBXNativeTarget section */
		0855E68A180D7BDA00E1CF69 /* lib3dmath-static */ = {
			isa = PBXNativeTarget;
			buildConfigurationList = 0855E68F180D7BDA00E1CF69 /* Build configuration list for PBXNativeTarget "lib3dmath-static" */;
			buildPhases = (
				0855E687180D7BDA00E1CF69 /* Sources */,
				0855E688180D7BDA00E1CF69 /* Frameworks */,
				0855E689180D7BDA00E1CF69 /* Headers */,
			);
			buildRules = (
			);
			dependencies = (
			);
			name = "lib3dmath-static";
			productName = 3dmath;
			productReference = 0855E68B180D7BDA00E1CF69 /* lib3dmath.a */;
			productType = "com.apple.product-type.library.static";
		};
		D8DFF6DF196937FA0035430B /* lib3dmath-static-ios */ = {
			isa = PBXNativeTarget;
			buildConfigurationList = D8DFF6F8196937FA0035430B /* Build configuration list for PBXNativeTarget "lib3dmath-static-ios" */;
			buildPhases = (
				D8DFF6E0196937FA0035430B /* Sources */,
				D8DFF6E9196937FA0035430B /* Frameworks */,
				D8DFF6EA196937FA0035430B /* Headers */,
			);
			buildRules = (
			);
			dependencies = (
			);
			name = "lib3dmath-static-ios";
			productName = 3dmath;
			productReference = D8DFF6FB196937FA0035430B /* lib3dmath.a */;
			productType = "com.apple.product-type.library.static";
		};
/* End PBXNativeTarget section */

/* Begin PBXProject section */
		0855E683180D7BDA00E1CF69 /* Project object */ = {
			isa = PBXProject;
			attributes = {
				LastUpgradeCheck = 0600;
				ORGANIZATIONNAME = "Joe Marrero";
			};
			buildConfigurationList = 0855E686180D7BDA00E1CF69 /* Build configuration list for PBXProject "lib3dmath" */;
			compatibilityVersion = "Xcode 3.2";
			developmentRegion = English;
			hasScannedForEncodings = 0;
			knownRegions = (
				en,
			);
			mainGroup = 0855E682180D7BDA00E1CF69;
			productRefGroup = 0855E68C180D7BDA00E1CF69 /* Products */;
			projectDirPath = "";
			projectRoot = "";
			targets = (
				0855E68A180D7BDA00E1CF69 /* lib3dmath-static */,
				D8DFF6DF196937FA0035430B /* lib3dmath-static-ios */,
			);
		};
/* End PBXProject section */

/* Begin PBXSourcesBuildPhase section */
		0855E687180D7BDA00E1CF69 /* Sources */ = {
			isa = PBXSourcesBuildPhase;
			buildActionMask = 2147483647;
			files = (
				087C8207180D7C3A003D5A59 /* quat.c in Sources */,
				087C820D180D7C3A003D5A59 /* vec4.c in Sources */,
				087C820B180D7C3A003D5A59 /* vec3.c in Sources */,
				087C8209180D7C3A003D5A59 /* vec2.c in Sources */,
				087C8201180D7C3A003D5A59 /* mat3.c in Sources */,
				087C81FF180D7C3A003D5A59 /* mat2.c in Sources */,
				087C8205180D7C3A003D5A59 /* mathematics.c in Sources */,
				D89CE3C61979A0DA00710BD8 /* geometric-tools.c in Sources */,
				D8C3632D1971003000728622 /* transforms.c in Sources */,
				087C8203180D7C3A003D5A59 /* mat4.c in Sources */,
			);
			runOnlyForDeploymentPostprocessing = 0;
		};
		D8DFF6E0196937FA0035430B /* Sources */ = {
			isa = PBXSourcesBuildPhase;
			buildActionMask = 2147483647;
			files = (
				D8DFF6E1196937FA0035430B /* quat.c in Sources */,
				D8DFF6E2196937FA0035430B /* vec4.c in Sources */,
				D8DFF6E3196937FA0035430B /* vec3.c in Sources */,
				D8DFF6E4196937FA0035430B /* vec2.c in Sources */,
				D8DFF6E5196937FA0035430B /* mat3.c in Sources */,
				D8DFF6E6196937FA0035430B /* mat2.c in Sources */,
				D8DFF6E7196937FA0035430B /* mathematics.c in Sources */,
				D89CE3C71979A0DA00710BD8 /* geometric-tools.c in Sources */,
				D8C3632E1971003000728622 /* transforms.c in Sources */,
				D8DFF6E8196937FA0035430B /* mat4.c in Sources */,
			);
			runOnlyForDeploymentPostprocessing = 0;
		};
/* End PBXSourcesBuildPhase section */

/* Begin XCBuildConfiguration section */
		0855E68D180D7BDA00E1CF69 /* Debug */ = {
			isa = XCBuildConfiguration;
			buildSettings = {
				ALWAYS_SEARCH_USER_PATHS = NO;
				CLANG_CXX_LANGUAGE_STANDARD = "gnu++0x";
				CLANG_CXX_LIBRARY = "libc++";
				CLANG_ENABLE_OBJC_ARC = YES;
				CLANG_WARN_BOOL_CONVERSION = YES;
				CLANG_WARN_CONSTANT_CONVERSION = YES;
				CLANG_WARN_DIRECT_OBJC_ISA_USAGE = YES_ERROR;
				CLANG_WARN_EMPTY_BODY = YES;
				CLANG_WARN_ENUM_CONVERSION = YES;
				CLANG_WARN_INT_CONVERSION = YES;
				CLANG_WARN_OBJC_ROOT_CLASS = YES_ERROR;
				CLANG_WARN__DUPLICATE_METHOD_MATCH = YES;
				COPY_PHASE_STRIP = NO;
				GCC_C_LANGUAGE_STANDARD = gnu99;
				GCC_DYNAMIC_NO_PIC = NO;
				GCC_ENABLE_OBJC_EXCEPTIONS = YES;
				GCC_OPTIMIZATION_LEVEL = 0;
				GCC_PREPROCESSOR_DEFINITIONS = (
					"DEBUG=1",
					"$(inherited)",
				);
				GCC_SYMBOLS_PRIVATE_EXTERN = NO;
				GCC_WARN_64_TO_32_BIT_CONVERSION = YES;
				GCC_WARN_ABOUT_RETURN_TYPE = YES_ERROR;
				GCC_WARN_UNDECLARED_SELECTOR = YES;
				GCC_WARN_UNINITIALIZED_AUTOS = YES;
				GCC_WARN_UNUSED_FUNCTION = YES;
				GCC_WARN_UNUSED_VARIABLE = YES;
				MACOSX_DEPLOYMENT_TARGET = 10.8;
				ONLY_ACTIVE_ARCH = YES;
				PUBLIC_HEADERS_FOLDER_PATH = "include/$(TARGET_NAME)";
			};
			name = Debug;
		};
		0855E68E180D7BDA00E1CF69 /* Release */ = {
			isa = XCBuildConfiguration;
			buildSettings = {
				ALWAYS_SEARCH_USER_PATHS = NO;
				CLANG_CXX_LANGUAGE_STANDARD = "gnu++0x";
				CLANG_CXX_LIBRARY = "libc++";
				CLANG_ENABLE_OBJC_ARC = YES;
				CLANG_WARN_BOOL_CONVERSION = YES;
				CLANG_WARN_CONSTANT_CONVERSION = YES;
				CLANG_WARN_DIRECT_OBJC_ISA_USAGE = YES_ERROR;
				CLANG_WARN_EMPTY_BODY = YES;
				CLANG_WARN_ENUM_CONVERSION = YES;
				CLANG_WARN_INT_CONVERSION = YES;
				CLANG_WARN_OBJC_ROOT_CLASS = YES_ERROR;
				CLANG_WARN__DUPLICATE_METHOD_MATCH = YES;
				COPY_PHASE_STRIP = YES;
				DEBUG_INFORMATION_FORMAT = "dwarf-with-dsym";
				ENABLE_NS_ASSERTIONS = NO;
				GCC_C_LANGUAGE_STANDARD = gnu99;
				GCC_ENABLE_OBJC_EXCEPTIONS = YES;
				GCC_WARN_64_TO_32_BIT_CONVERSION = YES;
				GCC_WARN_ABOUT_RETURN_TYPE = YES_ERROR;
				GCC_WARN_UNDECLARED_SELECTOR = YES;
				GCC_WARN_UNINITIALIZED_AUTOS = YES;
				GCC_WARN_UNUSED_FUNCTION = YES;
				GCC_WARN_UNUSED_VARIABLE = YES;
				MACOSX_DEPLOYMENT_TARGET = 10.8;
				ONLY_ACTIVE_ARCH = YES;
				PUBLIC_HEADERS_FOLDER_PATH = "include/$(TARGET_NAME)";
			};
			name = Release;
		};
		0855E690180D7BDA00E1CF69 /* Debug */ = {
			isa = XCBuildConfiguration;
			buildSettings = {
				CODE_SIGN_IDENTITY = "";
				EXECUTABLE_PREFIX = "";
				GCC_OPTIMIZATION_LEVEL = 0;
				GCC_UNROLL_LOOPS = YES;
				PRODUCT_NAME = lib3dmath;
				PUBLIC_HEADERS_FOLDER_PATH = "include/$(PRODUCT_NAME)";
				SDKROOT = macosx;
				TARGETED_DEVICE_FAMILY = "1,2";
			};
			name = Debug;
		};
		0855E691180D7BDA00E1CF69 /* Release */ = {
			isa = XCBuildConfiguration;
			buildSettings = {
				CODE_SIGN_IDENTITY = "";
				EXECUTABLE_PREFIX = "";
				GCC_OPTIMIZATION_LEVEL = fast;
				GCC_UNROLL_LOOPS = YES;
				PRODUCT_NAME = lib3dmath;
				PUBLIC_HEADERS_FOLDER_PATH = "include/$(PRODUCT_NAME)";
				SDKROOT = macosx;
				TARGETED_DEVICE_FAMILY = "1,2";
			};
			name = Release;
		};
		D8DFF6F9196937FA0035430B /* Debug */ = {
			isa = XCBuildConfiguration;
			buildSettings = {
				CODE_SIGN_IDENTITY = "";
				EXECUTABLE_PREFIX = "";
				GCC_OPTIMIZATION_LEVEL = 0;
				GCC_UNROLL_LOOPS = YES;
				PRODUCT_NAME = lib3dmath;
				PUBLIC_HEADERS_FOLDER_PATH = "include/$(PRODUCT_NAME)";
				SDKROOT = iphoneos;
				TARGETED_DEVICE_FAMILY = "1,2";
			};
			name = Debug;
		};
		D8DFF6FA196937FA0035430B /* Release */ = {
			isa = XCBuildConfiguration;
			buildSettings = {
				CODE_SIGN_IDENTITY = "";
				EXECUTABLE_PREFIX = "";
				GCC_OPTIMIZATION_LEVEL = fast;
				GCC_UNROLL_LOOPS = YES;
				PRODUCT_NAME = lib3dmath;
				PUBLIC_HEADERS_FOLDER_PATH = "include/$(PRODUCT_NAME)";
				SDKROOT = iphoneos;
				TARGETED_DEVICE_FAMILY = "1,2";
			};
			name = Release;
		};
/* End XCBuildConfiguration section */

/* Begin XCConfigurationList section */
		0855E686180D7BDA00E1CF69 /* Build configuration list for PBXProject "lib3dmath" */ = {
			isa = XCConfigurationList;
			buildConfigurations = (
				0855E68D180D7BDA00E1CF69 /* Debug */,
				0855E68E180D7BDA00E1CF69 /* Release */,
			);
			defaultConfigurationIsVisible = 0;
			defaultConfigurationName = Release;
		};
		0855E68F180D7BDA00E1CF69 /* Build configuration list for PBXNativeTarget "lib3dmath-static" */ = {
			isa = XCConfigurationList;
			buildConfigurations = (
				0855E690180D7BDA00E1CF69 /* Debug */,
				0855E691180D7BDA00E1CF69 /* Release */,
			);
			defaultConfigurationIsVisible = 0;
			defaultConfigurationName = Release;
		};
		D8DFF6F8196937FA0035430B /* Build configuration list for PBXNativeTarget "lib3dmath-static-ios" */ = {
			isa = XCConfigurationList;
			buildConfigurations = (
				D8DFF6F9196937FA0035430B /* Debug */,
				D8DFF6FA196937FA0035430B /* Release */,
			);
			defaultConfigurationIsVisible = 0;
			defaultConfigurationName = Release;
		};
/* End XCConfigurationList section */
	};
	rootObject = 0855E683180D7BDA00E1CF69 /* Project object */;
}
