// !$*UTF8*$!
{
	archiveVersion = 1;
	classes = {
	};
	objectVersion = 46;
	objects = {

/* Begin PBXBuildFile section */
		087BA83B180B987E005EE561 /* lib3dmath-config.h in Headers */ = {isa = PBXBuildFile; fileRef = 087BA82A180B987E005EE561 /* lib3dmath-config.h */; };
		087BA83C180B987E005EE561 /* mat2.h in Headers */ = {isa = PBXBuildFile; fileRef = 087BA82B180B987E005EE561 /* mat2.h */; };
		087BA83D180B987E005EE561 /* mat3.h in Headers */ = {isa = PBXBuildFile; fileRef = 087BA82C180B987E005EE561 /* mat3.h */; };
		087BA83E180B987E005EE561 /* mat4.h in Headers */ = {isa = PBXBuildFile; fileRef = 087BA82D180B987E005EE561 /* mat4.h */; };
		087BA83F180B987E005EE561 /* mathematics.h in Headers */ = {isa = PBXBuildFile; fileRef = 087BA82E180B987E005EE561 /* mathematics.h */; };
		087BA840180B987E005EE561 /* quat.h in Headers */ = {isa = PBXBuildFile; fileRef = 087BA82F180B987E005EE561 /* quat.h */; };
		087BA841180B987E005EE561 /* vec2.h in Headers */ = {isa = PBXBuildFile; fileRef = 087BA830180B987E005EE561 /* vec2.h */; };
		087BA842180B987E005EE561 /* vec3.h in Headers */ = {isa = PBXBuildFile; fileRef = 087BA831180B987E005EE561 /* vec3.h */; };
		087BA843180B987E005EE561 /* vec4.h in Headers */ = {isa = PBXBuildFile; fileRef = 087BA832180B987E005EE561 /* vec4.h */; };
		087BA844180B987E005EE561 /* mat2.c in Sources */ = {isa = PBXBuildFile; fileRef = 087BA833180B987E005EE561 /* mat2.c */; };
		087BA845180B987E005EE561 /* mat3.c in Sources */ = {isa = PBXBuildFile; fileRef = 087BA834180B987E005EE561 /* mat3.c */; };
		087BA846180B987E005EE561 /* mat4.c in Sources */ = {isa = PBXBuildFile; fileRef = 087BA835180B987E005EE561 /* mat4.c */; };
		087BA847180B987E005EE561 /* mathematics.c in Sources */ = {isa = PBXBuildFile; fileRef = 087BA836180B987E005EE561 /* mathematics.c */; };
		087BA848180B987E005EE561 /* quat.c in Sources */ = {isa = PBXBuildFile; fileRef = 087BA837180B987E005EE561 /* quat.c */; };
		087BA849180B987E005EE561 /* vec2.c in Sources */ = {isa = PBXBuildFile; fileRef = 087BA838180B987E005EE561 /* vec2.c */; };
		087BA84A180B987E005EE561 /* vec3.c in Sources */ = {isa = PBXBuildFile; fileRef = 087BA839180B987E005EE561 /* vec3.c */; };
		087BA84B180B987E005EE561 /* vec4.c in Sources */ = {isa = PBXBuildFile; fileRef = 087BA83A180B987E005EE561 /* vec4.c */; };
/* End PBXBuildFile section */

/* Begin PBXFileReference section */
		087BA822180B9769005EE561 /* lib3dmath.a */ = {isa = PBXFileReference; explicitFileType = archive.ar; includeInIndex = 0; path = lib3dmath.a; sourceTree = BUILT_PRODUCTS_DIR; };
		087BA82A180B987E005EE561 /* lib3dmath-config.h */ = {isa = PBXFileReference; fileEncoding = 4; lastKnownFileType = sourcecode.c.h; name = "lib3dmath-config.h"; path = "../src/lib3dmath-config.h"; sourceTree = "<group>"; };
		087BA82B180B987E005EE561 /* mat2.h */ = {isa = PBXFileReference; fileEncoding = 4; lastKnownFileType = sourcecode.c.h; name = mat2.h; path = ../src/mat2.h; sourceTree = "<group>"; };
		087BA82C180B987E005EE561 /* mat3.h */ = {isa = PBXFileReference; fileEncoding = 4; lastKnownFileType = sourcecode.c.h; name = mat3.h; path = ../src/mat3.h; sourceTree = "<group>"; };
		087BA82D180B987E005EE561 /* mat4.h */ = {isa = PBXFileReference; fileEncoding = 4; lastKnownFileType = sourcecode.c.h; name = mat4.h; path = ../src/mat4.h; sourceTree = "<group>"; };
		087BA82E180B987E005EE561 /* mathematics.h */ = {isa = PBXFileReference; fileEncoding = 4; lastKnownFileType = sourcecode.c.h; name = mathematics.h; path = ../src/mathematics.h; sourceTree = "<group>"; };
		087BA82F180B987E005EE561 /* quat.h */ = {isa = PBXFileReference; fileEncoding = 4; lastKnownFileType = sourcecode.c.h; name = quat.h; path = ../src/quat.h; sourceTree = "<group>"; };
		087BA830180B987E005EE561 /* vec2.h */ = {isa = PBXFileReference; fileEncoding = 4; lastKnownFileType = sourcecode.c.h; name = vec2.h; path = ../src/vec2.h; sourceTree = "<group>"; };
		087BA831180B987E005EE561 /* vec3.h */ = {isa = PBXFileReference; fileEncoding = 4; lastKnownFileType = sourcecode.c.h; name = vec3.h; path = ../src/vec3.h; sourceTree = "<group>"; };
		087BA832180B987E005EE561 /* vec4.h */ = {isa = PBXFileReference; fileEncoding = 4; lastKnownFileType = sourcecode.c.h; name = vec4.h; path = ../src/vec4.h; sourceTree = "<group>"; };
		087BA833180B987E005EE561 /* mat2.c */ = {isa = PBXFileReference; fileEncoding = 4; lastKnownFileType = sourcecode.c.c; name = mat2.c; path = ../src/mat2.c; sourceTree = "<group>"; };
		087BA834180B987E005EE561 /* mat3.c */ = {isa = PBXFileReference; fileEncoding = 4; lastKnownFileType = sourcecode.c.c; name = mat3.c; path = ../src/mat3.c; sourceTree = "<group>"; };
		087BA835180B987E005EE561 /* mat4.c */ = {isa = PBXFileReference; fileEncoding = 4; lastKnownFileType = sourcecode.c.c; name = mat4.c; path = ../src/mat4.c; sourceTree = "<group>"; };
		087BA836180B987E005EE561 /* mathematics.c */ = {isa = PBXFileReference; fileEncoding = 4; lastKnownFileType = sourcecode.c.c; name = mathematics.c; path = ../src/mathematics.c; sourceTree = "<group>"; };
		087BA837180B987E005EE561 /* quat.c */ = {isa = PBXFileReference; fileEncoding = 4; lastKnownFileType = sourcecode.c.c; name = quat.c; path = ../src/quat.c; sourceTree = "<group>"; };
		087BA838180B987E005EE561 /* vec2.c */ = {isa = PBXFileReference; fileEncoding = 4; lastKnownFileType = sourcecode.c.c; name = vec2.c; path = ../src/vec2.c; sourceTree = "<group>"; };
		087BA839180B987E005EE561 /* vec3.c */ = {isa = PBXFileReference; fileEncoding = 4; lastKnownFileType = sourcecode.c.c; name = vec3.c; path = ../src/vec3.c; sourceTree = "<group>"; };
		087BA83A180B987E005EE561 /* vec4.c */ = {isa = PBXFileReference; fileEncoding = 4; lastKnownFileType = sourcecode.c.c; name = vec4.c; path = ../src/vec4.c; sourceTree = "<group>"; };
/* End PBXFileReference section */

/* Begin PBXFrameworksBuildPhase section */
		087BA81F180B9769005EE561 /* Frameworks */ = {
			isa = PBXFrameworksBuildPhase;
			buildActionMask = 2147483647;
			files = (
			);
			runOnlyForDeploymentPostprocessing = 0;
		};
/* End PBXFrameworksBuildPhase section */

/* Begin PBXGroup section */
		087BA819180B9769005EE561 = {
			isa = PBXGroup;
			children = (
				087BA829180B986B005EE561 /* src */,
				087BA823180B9769005EE561 /* Products */,
			);
			sourceTree = "<group>";
		};
		087BA823180B9769005EE561 /* Products */ = {
			isa = PBXGroup;
			children = (
				087BA822180B9769005EE561 /* lib3dmath.a */,
			);
			name = Products;
			sourceTree = "<group>";
		};
		087BA829180B986B005EE561 /* src */ = {
			isa = PBXGroup;
			children = (
				087BA82A180B987E005EE561 /* lib3dmath-config.h */,
				087BA82B180B987E005EE561 /* mat2.h */,
				087BA82C180B987E005EE561 /* mat3.h */,
				087BA82D180B987E005EE561 /* mat4.h */,
				087BA82E180B987E005EE561 /* mathematics.h */,
				087BA82F180B987E005EE561 /* quat.h */,
				087BA830180B987E005EE561 /* vec2.h */,
				087BA831180B987E005EE561 /* vec3.h */,
				087BA832180B987E005EE561 /* vec4.h */,
				087BA833180B987E005EE561 /* mat2.c */,
				087BA834180B987E005EE561 /* mat3.c */,
				087BA835180B987E005EE561 /* mat4.c */,
				087BA836180B987E005EE561 /* mathematics.c */,
				087BA837180B987E005EE561 /* quat.c */,
				087BA838180B987E005EE561 /* vec2.c */,
				087BA839180B987E005EE561 /* vec3.c */,
				087BA83A180B987E005EE561 /* vec4.c */,
			);
			name = src;
			sourceTree = "<group>";
		};
/* End PBXGroup section */

/* Begin PBXHeadersBuildPhase section */
		087BA820180B9769005EE561 /* Headers */ = {
			isa = PBXHeadersBuildPhase;
			buildActionMask = 2147483647;
			files = (
				087BA83F180B987E005EE561 /* mathematics.h in Headers */,
				087BA83C180B987E005EE561 /* mat2.h in Headers */,
				087BA83D180B987E005EE561 /* mat3.h in Headers */,
				087BA843180B987E005EE561 /* vec4.h in Headers */,
				087BA841180B987E005EE561 /* vec2.h in Headers */,
				087BA840180B987E005EE561 /* quat.h in Headers */,
				087BA842180B987E005EE561 /* vec3.h in Headers */,
				087BA83E180B987E005EE561 /* mat4.h in Headers */,
				087BA83B180B987E005EE561 /* lib3dmath-config.h in Headers */,
			);
			runOnlyForDeploymentPostprocessing = 0;
		};
/* End PBXHeadersBuildPhase section */

/* Begin PBXNativeTarget section */
		087BA821180B9769005EE561 /* 3dmath */ = {
			isa = PBXNativeTarget;
			buildConfigurationList = 087BA826180B9769005EE561 /* Build configuration list for PBXNativeTarget "3dmath" */;
			buildPhases = (
				087BA81E180B9769005EE561 /* Sources */,
				087BA81F180B9769005EE561 /* Frameworks */,
				087BA820180B9769005EE561 /* Headers */,
			);
			buildRules = (
			);
			dependencies = (
			);
			name = 3dmath;
			productName = lib3dmath;
			productReference = 087BA822180B9769005EE561 /* lib3dmath.a */;
			productType = "com.apple.product-type.library.static";
		};
/* End PBXNativeTarget section */

/* Begin PBXProject section */
		087BA81A180B9769005EE561 /* Project object */ = {
			isa = PBXProject;
			attributes = {
				LastUpgradeCheck = 0500;
				ORGANIZATIONNAME = "Joe Marrero";
			};
			buildConfigurationList = 087BA81D180B9769005EE561 /* Build configuration list for PBXProject "lib3dmath" */;
			compatibilityVersion = "Xcode 3.2";
			developmentRegion = English;
			hasScannedForEncodings = 0;
			knownRegions = (
				en,
			);
			mainGroup = 087BA819180B9769005EE561;
			productRefGroup = 087BA823180B9769005EE561 /* Products */;
			projectDirPath = "";
			projectRoot = "";
			targets = (
				087BA821180B9769005EE561 /* 3dmath */,
			);
		};
/* End PBXProject section */

/* Begin PBXSourcesBuildPhase section */
		087BA81E180B9769005EE561 /* Sources */ = {
			isa = PBXSourcesBuildPhase;
			buildActionMask = 2147483647;
			files = (
				087BA848180B987E005EE561 /* quat.c in Sources */,
				087BA84B180B987E005EE561 /* vec4.c in Sources */,
				087BA84A180B987E005EE561 /* vec3.c in Sources */,
				087BA849180B987E005EE561 /* vec2.c in Sources */,
				087BA845180B987E005EE561 /* mat3.c in Sources */,
				087BA844180B987E005EE561 /* mat2.c in Sources */,
				087BA847180B987E005EE561 /* mathematics.c in Sources */,
				087BA846180B987E005EE561 /* mat4.c in Sources */,
			);
			runOnlyForDeploymentPostprocessing = 0;
		};
/* End PBXSourcesBuildPhase section */

/* Begin XCBuildConfiguration section */
		087BA824180B9769005EE561 /* Debug */ = {
			isa = XCBuildConfiguration;
			buildSettings = {
				ALWAYS_SEARCH_USER_PATHS = NO;
				ARCHS = "$(ARCHS_STANDARD)";
				CLANG_CXX_LANGUAGE_STANDARD = "gnu++0x";
				CLANG_CXX_LIBRARY = "libc++";
				CLANG_ENABLE_OBJC_ARC = YES;
				CLANG_WARN_BOOL_CONVERSION = YES;
				CLANG_WARN_CONSTANT_CONVERSION = YES;
				CLANG_WARN_DIRECT_OBJC_ISA_USAGE = YES_ERROR;
				CLANG_WARN_EMPTY_BODY = YES;
				CLANG_WARN_ENUM_CONVERSION = YES;
				CLANG_WARN_INT_CONVERSION = YES;
				CLANG_WARN_OBJC_ROOT_CLASS = YES_ERROR;
				CLANG_WARN__DUPLICATE_METHOD_MATCH = YES;
				COPY_PHASE_STRIP = NO;
				GCC_C_LANGUAGE_STANDARD = gnu99;
				GCC_DYNAMIC_NO_PIC = NO;
				GCC_ENABLE_OBJC_EXCEPTIONS = YES;
				GCC_OPTIMIZATION_LEVEL = 0;
				GCC_PREPROCESSOR_DEFINITIONS = (
					"DEBUG=1",
					"$(inherited)",
				);
				GCC_SYMBOLS_PRIVATE_EXTERN = NO;
				GCC_WARN_64_TO_32_BIT_CONVERSION = YES;
				GCC_WARN_ABOUT_RETURN_TYPE = YES_ERROR;
				GCC_WARN_UNDECLARED_SELECTOR = YES;
				GCC_WARN_UNINITIALIZED_AUTOS = YES;
				GCC_WARN_UNUSED_FUNCTION = YES;
				GCC_WARN_UNUSED_VARIABLE = YES;
				MACOSX_DEPLOYMENT_TARGET = 10.8;
				ONLY_ACTIVE_ARCH = NO;
				SDKROOT = iphoneos;
			};
			name = Debug;
		};
		087BA825180B9769005EE561 /* Release */ = {
			isa = XCBuildConfiguration;
			buildSettings = {
				ALWAYS_SEARCH_USER_PATHS = NO;
				ARCHS = "$(ARCHS_STANDARD)";
				CLANG_CXX_LANGUAGE_STANDARD = "gnu++0x";
				CLANG_CXX_LIBRARY = "libc++";
				CLANG_ENABLE_OBJC_ARC = YES;
				CLANG_WARN_BOOL_CONVERSION = YES;
				CLANG_WARN_CONSTANT_CONVERSION = YES;
				CLANG_WARN_DIRECT_OBJC_ISA_USAGE = YES_ERROR;
				CLANG_WARN_EMPTY_BODY = YES;
				CLANG_WARN_ENUM_CONVERSION = YES;
				CLANG_WARN_INT_CONVERSION = YES;
				CLANG_WARN_OBJC_ROOT_CLASS = YES_ERROR;
				CLANG_WARN__DUPLICATE_METHOD_MATCH = YES;
				COPY_PHASE_STRIP = YES;
				DEBUG_INFORMATION_FORMAT = "dwarf-with-dsym";
				ENABLE_NS_ASSERTIONS = NO;
				GCC_C_LANGUAGE_STANDARD = gnu99;
				GCC_ENABLE_OBJC_EXCEPTIONS = YES;
				GCC_WARN_64_TO_32_BIT_CONVERSION = YES;
				GCC_WARN_ABOUT_RETURN_TYPE = YES_ERROR;
				GCC_WARN_UNDECLARED_SELECTOR = YES;
				GCC_WARN_UNINITIALIZED_AUTOS = YES;
				GCC_WARN_UNUSED_FUNCTION = YES;
				GCC_WARN_UNUSED_VARIABLE = YES;
				MACOSX_DEPLOYMENT_TARGET = 10.8;
				ONLY_ACTIVE_ARCH = NO;
				SDKROOT = iphoneos;
			};
			name = Release;
		};
		087BA827180B9769005EE561 /* Debug */ = {
			isa = XCBuildConfiguration;
			buildSettings = {
				EXECUTABLE_PREFIX = lib;
				PRODUCT_NAME = "$(TARGET_NAME)";
				TARGETED_DEVICE_FAMILY = "1,2";
			};
			name = Debug;
		};
		087BA828180B9769005EE561 /* Release */ = {
			isa = XCBuildConfiguration;
			buildSettings = {
				EXECUTABLE_PREFIX = lib;
				PRODUCT_NAME = "$(TARGET_NAME)";
				TARGETED_DEVICE_FAMILY = "1,2";
			};
			name = Release;
		};
/* End XCBuildConfiguration section */

/* Begin XCConfigurationList section */
		087BA81D180B9769005EE561 /* Build configuration list for PBXProject "lib3dmath" */ = {
			isa = XCConfigurationList;
			buildConfigurations = (
				087BA824180B9769005EE561 /* Debug */,
				087BA825180B9769005EE561 /* Release */,
			);
			defaultConfigurationIsVisible = 0;
			defaultConfigurationName = Release;
		};
		087BA826180B9769005EE561 /* Build configuration list for PBXNativeTarget "3dmath" */ = {
			isa = XCConfigurationList;
			buildConfigurations = (
				087BA827180B9769005EE561 /* Debug */,
				087BA828180B9769005EE561 /* Release */,
			);
			defaultConfigurationIsVisible = 0;
			defaultConfigurationName = Release;
		};
/* End XCConfigurationList section */
	};
	rootObject = 087BA81A180B9769005EE561 /* Project object */;
}
